// !$*UTF8*$!
{
	archiveVersion = 1;
	classes = {
	};
	objectVersion = 46;
	objects = {

/* Begin PBXBuildFile section */
		C850576F1CD9052200F5F16B /* icon_1024x1024.png in Resources */ = {isa = PBXBuildFile; fileRef = C850576E1CD9052200F5F16B /* icon_1024x1024.png */; };
		C88ABA7F1C5343AD006713B8 /* IBNIZButton.m in Sources */ = {isa = PBXBuildFile; fileRef = C88ABA7E1C5343AD006713B8 /* IBNIZButton.m */; };
		C88B08021C00F5F100A18E2C /* GLKit.framework in Frameworks */ = {isa = PBXBuildFile; fileRef = C88B08011C00F5F100A18E2C /* GLKit.framework */; };
		C88B08051C00FA6500A18E2C /* Shader.fsh in Resources */ = {isa = PBXBuildFile; fileRef = C88B08031C00FA6500A18E2C /* Shader.fsh */; };
		C88B08061C00FA6500A18E2C /* Shader.vsh in Resources */ = {isa = PBXBuildFile; fileRef = C88B08041C00FA6500A18E2C /* Shader.vsh */; };
		C88B08081C00FE0600A18E2C /* OpenGLES.framework in Frameworks */ = {isa = PBXBuildFile; fileRef = C88B08071C00FE0600A18E2C /* OpenGLES.framework */; };
		C8BA03041BF3C5780023B683 /* main.m in Sources */ = {isa = PBXBuildFile; fileRef = C8BA03031BF3C5780023B683 /* main.m */; };
		C8BA03071BF3C5780023B683 /* AppDelegate.m in Sources */ = {isa = PBXBuildFile; fileRef = C8BA03061BF3C5780023B683 /* AppDelegate.m */; };
		C8BA030A1BF3C5780023B683 /* ViewController.mm in Sources */ = {isa = PBXBuildFile; fileRef = C8BA03091BF3C5780023B683 /* ViewController.mm */; };
		C8BA030D1BF3C5780023B683 /* Main.storyboard in Resources */ = {isa = PBXBuildFile; fileRef = C8BA030B1BF3C5780023B683 /* Main.storyboard */; };
		C8BA030F1BF3C5780023B683 /* Assets.xcassets in Resources */ = {isa = PBXBuildFile; fileRef = C8BA030E1BF3C5780023B683 /* Assets.xcassets */; };
		C8BA03121BF3C5780023B683 /* LaunchScreen.storyboard in Resources */ = {isa = PBXBuildFile; fileRef = C8BA03101BF3C5780023B683 /* LaunchScreen.storyboard */; };
		C8BA031C1BF3C6F80023B683 /* compiler.c in Sources */ = {isa = PBXBuildFile; fileRef = C8BA031A1BF3C6F80023B683 /* compiler.c */; };
		C8BA031D1BF3C6F80023B683 /* vm_slow.c in Sources */ = {isa = PBXBuildFile; fileRef = C8BA031B1BF3C6F80023B683 /* vm_slow.c */; };
		C8C481CD1CDD7B2800E3087D /* Accelerate.framework in Frameworks */ = {isa = PBXBuildFile; fileRef = C8C481CC1CDD7B2800E3087D /* Accelerate.framework */; };
		C8F0A4B81C057486002CCC75 /* AudioController.mm in Sources */ = {isa = PBXBuildFile; fileRef = C8F0A4B01C057486002CCC75 /* AudioController.mm */; };
		C8F0A4B91C057486002CCC75 /* CADebugMacros.cpp in Sources */ = {isa = PBXBuildFile; fileRef = C8F0A4B11C057486002CCC75 /* CADebugMacros.cpp */; };
		C8F0A4BA1C057486002CCC75 /* CAStreamBasicDescription.cpp in Sources */ = {isa = PBXBuildFile; fileRef = C8F0A4B61C057486002CCC75 /* CAStreamBasicDescription.cpp */; };
		C8F0A4BE1C0574B3002CCC75 /* AudioToolbox.framework in Frameworks */ = {isa = PBXBuildFile; fileRef = C8F0A4BD1C0574B3002CCC75 /* AudioToolbox.framework */; };
		C8F0A4C11C05750D002CCC75 /* MediaPlayer.framework in Frameworks */ = {isa = PBXBuildFile; fileRef = C8F0A4C01C05750D002CCC75 /* MediaPlayer.framework */; };
		C8FD0F9F1C2131E100004461 /* C64_Pro_Mono-STYLE.ttf in Resources */ = {isa = PBXBuildFile; fileRef = C8FD0F9E1C2131E100004461 /* C64_Pro_Mono-STYLE.ttf */; };
		C8FF232C1C437B950028B11C /* KeysIBNIZ.mm in Sources */ = {isa = PBXBuildFile; fileRef = C8FF232B1C437B950028B11C /* KeysIBNIZ.mm */; };
/* End PBXBuildFile section */

/* Begin PBXFileReference section */
		C850576E1CD9052200F5F16B /* icon_1024x1024.png */ = {isa = PBXFileReference; lastKnownFileType = image.png; name = icon_1024x1024.png; path = assets/icon_1024x1024.png; sourceTree = SOURCE_ROOT; };
		C88ABA7D1C5343AD006713B8 /* IBNIZButton.h */ = {isa = PBXFileReference; fileEncoding = 4; lastKnownFileType = sourcecode.c.h; path = IBNIZButton.h; sourceTree = "<group>"; };
		C88ABA7E1C5343AD006713B8 /* IBNIZButton.m */ = {isa = PBXFileReference; fileEncoding = 4; lastKnownFileType = sourcecode.c.objc; path = IBNIZButton.m; sourceTree = "<group>"; };
		C88B08011C00F5F100A18E2C /* GLKit.framework */ = {isa = PBXFileReference; lastKnownFileType = wrapper.framework; name = GLKit.framework; path = System/Library/Frameworks/GLKit.framework; sourceTree = SDKROOT; };
		C88B08031C00FA6500A18E2C /* Shader.fsh */ = {isa = PBXFileReference; fileEncoding = 4; lastKnownFileType = sourcecode.glsl; path = Shader.fsh; sourceTree = "<group>"; };
		C88B08041C00FA6500A18E2C /* Shader.vsh */ = {isa = PBXFileReference; fileEncoding = 4; lastKnownFileType = sourcecode.glsl; path = Shader.vsh; sourceTree = "<group>"; };
		C88B08071C00FE0600A18E2C /* OpenGLES.framework */ = {isa = PBXFileReference; lastKnownFileType = wrapper.framework; name = OpenGLES.framework; path = System/Library/Frameworks/OpenGLES.framework; sourceTree = SDKROOT; };
		C8BA02FF1BF3C5780023B683 /* iOSBNIZ.app */ = {isa = PBXFileReference; explicitFileType = wrapper.application; includeInIndex = 0; path = iOSBNIZ.app; sourceTree = BUILT_PRODUCTS_DIR; };
		C8BA03031BF3C5780023B683 /* main.m */ = {isa = PBXFileReference; lastKnownFileType = sourcecode.c.objc; path = main.m; sourceTree = "<group>"; };
		C8BA03051BF3C5780023B683 /* AppDelegate.h */ = {isa = PBXFileReference; lastKnownFileType = sourcecode.c.h; path = AppDelegate.h; sourceTree = "<group>"; };
		C8BA03061BF3C5780023B683 /* AppDelegate.m */ = {isa = PBXFileReference; lastKnownFileType = sourcecode.c.objc; path = AppDelegate.m; sourceTree = "<group>"; };
		C8BA03081BF3C5780023B683 /* ViewController.h */ = {isa = PBXFileReference; lastKnownFileType = sourcecode.c.h; path = ViewController.h; sourceTree = "<group>"; };
		C8BA03091BF3C5780023B683 /* ViewController.mm */ = {isa = PBXFileReference; lastKnownFileType = sourcecode.cpp.objcpp; path = ViewController.mm; sourceTree = "<group>"; };
		C8BA030C1BF3C5780023B683 /* Base */ = {isa = PBXFileReference; lastKnownFileType = file.storyboard; name = Base; path = Base.lproj/Main.storyboard; sourceTree = "<group>"; };
		C8BA030E1BF3C5780023B683 /* Assets.xcassets */ = {isa = PBXFileReference; lastKnownFileType = folder.assetcatalog; path = Assets.xcassets; sourceTree = "<group>"; };
		C8BA03111BF3C5780023B683 /* Base */ = {isa = PBXFileReference; lastKnownFileType = file.storyboard; name = Base; path = Base.lproj/LaunchScreen.storyboard; sourceTree = "<group>"; };
		C8BA03131BF3C5780023B683 /* Info.plist */ = {isa = PBXFileReference; lastKnownFileType = text.plist.xml; path = Info.plist; sourceTree = "<group>"; };
		C8BA031A1BF3C6F80023B683 /* compiler.c */ = {isa = PBXFileReference; fileEncoding = 4; lastKnownFileType = sourcecode.c.c; path = compiler.c; sourceTree = "<group>"; };
		C8BA031B1BF3C6F80023B683 /* vm_slow.c */ = {isa = PBXFileReference; fileEncoding = 4; lastKnownFileType = sourcecode.c.c; path = vm_slow.c; sourceTree = "<group>"; };
		C8C481CC1CDD7B2800E3087D /* Accelerate.framework */ = {isa = PBXFileReference; lastKnownFileType = wrapper.framework; name = Accelerate.framework; path = System/Library/Frameworks/Accelerate.framework; sourceTree = SDKROOT; };
		C8F0A4AF1C057486002CCC75 /* AudioController.h */ = {isa = PBXFileReference; fileEncoding = 4; lastKnownFileType = sourcecode.c.h; path = AudioController.h; sourceTree = "<group>"; };
		C8F0A4B01C057486002CCC75 /* AudioController.mm */ = {isa = PBXFileReference; fileEncoding = 4; lastKnownFileType = sourcecode.cpp.objcpp; path = AudioController.mm; sourceTree = "<group>"; };
		C8F0A4B11C057486002CCC75 /* CADebugMacros.cpp */ = {isa = PBXFileReference; fileEncoding = 4; lastKnownFileType = sourcecode.cpp.cpp; path = CADebugMacros.cpp; sourceTree = "<group>"; };
		C8F0A4B21C057486002CCC75 /* CADebugMacros.h */ = {isa = PBXFileReference; fileEncoding = 4; lastKnownFileType = sourcecode.c.h; path = CADebugMacros.h; sourceTree = "<group>"; };
		C8F0A4B31C057486002CCC75 /* CADebugPrintf.h */ = {isa = PBXFileReference; fileEncoding = 4; lastKnownFileType = sourcecode.c.h; path = CADebugPrintf.h; sourceTree = "<group>"; };
		C8F0A4B41C057486002CCC75 /* CAException.h */ = {isa = PBXFileReference; fileEncoding = 4; lastKnownFileType = sourcecode.c.h; path = CAException.h; sourceTree = "<group>"; };
		C8F0A4B51C057486002CCC75 /* CAMath.h */ = {isa = PBXFileReference; fileEncoding = 4; lastKnownFileType = sourcecode.c.h; path = CAMath.h; sourceTree = "<group>"; };
		C8F0A4B61C057486002CCC75 /* CAStreamBasicDescription.cpp */ = {isa = PBXFileReference; fileEncoding = 4; lastKnownFileType = sourcecode.cpp.cpp; path = CAStreamBasicDescription.cpp; sourceTree = "<group>"; };
		C8F0A4B71C057486002CCC75 /* CAStreamBasicDescription.h */ = {isa = PBXFileReference; fileEncoding = 4; lastKnownFileType = sourcecode.c.h; path = CAStreamBasicDescription.h; sourceTree = "<group>"; };
		C8F0A4BD1C0574B3002CCC75 /* AudioToolbox.framework */ = {isa = PBXFileReference; lastKnownFileType = wrapper.framework; name = AudioToolbox.framework; path = System/Library/Frameworks/AudioToolbox.framework; sourceTree = SDKROOT; };
		C8F0A4C01C05750D002CCC75 /* MediaPlayer.framework */ = {isa = PBXFileReference; lastKnownFileType = wrapper.framework; name = MediaPlayer.framework; path = System/Library/Frameworks/MediaPlayer.framework; sourceTree = SDKROOT; };
		C8FD0F9E1C2131E100004461 /* C64_Pro_Mono-STYLE.ttf */ = {isa = PBXFileReference; lastKnownFileType = file; name = "C64_Pro_Mono-STYLE.ttf"; path = "assets/C64_Pro_Mono-STYLE.ttf"; sourceTree = SOURCE_ROOT; };
		C8FF232A1C437B950028B11C /* KeysIBNIZ.h */ = {isa = PBXFileReference; fileEncoding = 4; lastKnownFileType = sourcecode.c.h; path = KeysIBNIZ.h; sourceTree = "<group>"; };
		C8FF232B1C437B950028B11C /* KeysIBNIZ.mm */ = {isa = PBXFileReference; fileEncoding = 4; lastKnownFileType = sourcecode.cpp.objcpp; path = KeysIBNIZ.mm; sourceTree = "<group>"; };
/* End PBXFileReference section */

/* Begin PBXFrameworksBuildPhase section */
		C8BA02FC1BF3C5780023B683 /* Frameworks */ = {
			isa = PBXFrameworksBuildPhase;
			buildActionMask = 2147483647;
			files = (
				C8C481CD1CDD7B2800E3087D /* Accelerate.framework in Frameworks */,
				C8F0A4C11C05750D002CCC75 /* MediaPlayer.framework in Frameworks */,
				C8F0A4BE1C0574B3002CCC75 /* AudioToolbox.framework in Frameworks */,
				C88B08081C00FE0600A18E2C /* OpenGLES.framework in Frameworks */,
				C88B08021C00F5F100A18E2C /* GLKit.framework in Frameworks */,
			);
			runOnlyForDeploymentPostprocessing = 0;
		};
/* End PBXFrameworksBuildPhase section */

/* Begin PBXGroup section */
		C8BA02F61BF3C5780023B683 = {
			isa = PBXGroup;
			children = (
				C8F0A4BF1C0574C9002CCC75 /* Frameworks */,
				C8BA03191BF3C6C20023B683 /* src */,
				C8BA03011BF3C5780023B683 /* iOSBNIZ */,
				C8BA03001BF3C5780023B683 /* Products */,
			);
			sourceTree = "<group>";
		};
		C8BA03001BF3C5780023B683 /* Products */ = {
			isa = PBXGroup;
			children = (
				C8BA02FF1BF3C5780023B683 /* iOSBNIZ.app */,
			);
			name = Products;
			sourceTree = "<group>";
		};
		C8BA03011BF3C5780023B683 /* iOSBNIZ */ = {
			isa = PBXGroup;
			children = (
				C8BA03051BF3C5780023B683 /* AppDelegate.h */,
				C8BA03061BF3C5780023B683 /* AppDelegate.m */,
				C8F0A4AF1C057486002CCC75 /* AudioController.h */,
				C8F0A4B01C057486002CCC75 /* AudioController.mm */,
				C8F0A4B11C057486002CCC75 /* CADebugMacros.cpp */,
				C8F0A4B21C057486002CCC75 /* CADebugMacros.h */,
				C8F0A4B31C057486002CCC75 /* CADebugPrintf.h */,
				C8F0A4B41C057486002CCC75 /* CAException.h */,
				C8F0A4B51C057486002CCC75 /* CAMath.h */,
				C8F0A4B61C057486002CCC75 /* CAStreamBasicDescription.cpp */,
				C8F0A4B71C057486002CCC75 /* CAStreamBasicDescription.h */,
				C8FF232A1C437B950028B11C /* KeysIBNIZ.h */,
				C8FF232B1C437B950028B11C /* KeysIBNIZ.mm */,
				C88B08031C00FA6500A18E2C /* Shader.fsh */,
				C88B08041C00FA6500A18E2C /* Shader.vsh */,
				C8BA03081BF3C5780023B683 /* ViewController.h */,
				C8BA03091BF3C5780023B683 /* ViewController.mm */,
				C8BA030B1BF3C5780023B683 /* Main.storyboard */,
				C8BA030E1BF3C5780023B683 /* Assets.xcassets */,
				C8BA03101BF3C5780023B683 /* LaunchScreen.storyboard */,
				C8BA03131BF3C5780023B683 /* Info.plist */,
				C88ABA7D1C5343AD006713B8 /* IBNIZButton.h */,
				C88ABA7E1C5343AD006713B8 /* IBNIZButton.m */,
				C8BA03021BF3C5780023B683 /* Supporting Files */,
			);
			name = iOSBNIZ;
			path = src;
			sourceTree = "<group>";
		};
		C8BA03021BF3C5780023B683 /* Supporting Files */ = {
			isa = PBXGroup;
			children = (
				C850576E1CD9052200F5F16B /* icon_1024x1024.png */,
				C8FD0F9E1C2131E100004461 /* C64_Pro_Mono-STYLE.ttf */,
				C8BA03031BF3C5780023B683 /* main.m */,
			);
			name = "Supporting Files";
			sourceTree = "<group>";
		};
		C8BA03191BF3C6C20023B683 /* src */ = {
			isa = PBXGroup;
			children = (
				C8BA031A1BF3C6F80023B683 /* compiler.c */,
				C8BA031B1BF3C6F80023B683 /* vm_slow.c */,
			);
			name = src;
			path = ../src;
			sourceTree = "<group>";
		};
		C8F0A4BF1C0574C9002CCC75 /* Frameworks */ = {
			isa = PBXGroup;
			children = (
				C8C481CC1CDD7B2800E3087D /* Accelerate.framework */,
				C8F0A4C01C05750D002CCC75 /* MediaPlayer.framework */,
				C8F0A4BD1C0574B3002CCC75 /* AudioToolbox.framework */,
				C88B08071C00FE0600A18E2C /* OpenGLES.framework */,
				C88B08011C00F5F100A18E2C /* GLKit.framework */,
			);
			name = Frameworks;
			sourceTree = "<group>";
		};
/* End PBXGroup section */

/* Begin PBXNativeTarget section */
		C8BA02FE1BF3C5780023B683 /* iOSBNIZ */ = {
			isa = PBXNativeTarget;
			buildConfigurationList = C8BA03161BF3C5780023B683 /* Build configuration list for PBXNativeTarget "iOSBNIZ" */;
			buildPhases = (
				C8BA02FB1BF3C5780023B683 /* Sources */,
				C8BA02FC1BF3C5780023B683 /* Frameworks */,
				C8BA02FD1BF3C5780023B683 /* Resources */,
			);
			buildRules = (
			);
			dependencies = (
			);
			name = iOSBNIZ;
			productName = iOSBNIZ;
			productReference = C8BA02FF1BF3C5780023B683 /* iOSBNIZ.app */;
			productType = "com.apple.product-type.application";
		};
/* End PBXNativeTarget section */

/* Begin PBXProject section */
		C8BA02F71BF3C5780023B683 /* Project object */ = {
			isa = PBXProject;
			attributes = {
				LastUpgradeCheck = 0710;
				ORGANIZATIONNAME = bzztbomb.com;
				TargetAttributes = {
					C8BA02FE1BF3C5780023B683 = {
						CreatedOnToolsVersion = 7.1;
					};
				};
			};
			buildConfigurationList = C8BA02FA1BF3C5780023B683 /* Build configuration list for PBXProject "iOSBNIZ" */;
			compatibilityVersion = "Xcode 3.2";
			developmentRegion = English;
			hasScannedForEncodings = 0;
			knownRegions = (
				en,
				Base,
			);
			mainGroup = C8BA02F61BF3C5780023B683;
			productRefGroup = C8BA03001BF3C5780023B683 /* Products */;
			projectDirPath = "";
			projectRoot = "";
			targets = (
				C8BA02FE1BF3C5780023B683 /* iOSBNIZ */,
			);
		};
/* End PBXProject section */

/* Begin PBXResourcesBuildPhase section */
		C8BA02FD1BF3C5780023B683 /* Resources */ = {
			isa = PBXResourcesBuildPhase;
			buildActionMask = 2147483647;
			files = (
				C88B08051C00FA6500A18E2C /* Shader.fsh in Resources */,
				C8BA03121BF3C5780023B683 /* LaunchScreen.storyboard in Resources */,
				C8BA030F1BF3C5780023B683 /* Assets.xcassets in Resources */,
				C8FD0F9F1C2131E100004461 /* C64_Pro_Mono-STYLE.ttf in Resources */,
				C850576F1CD9052200F5F16B /* icon_1024x1024.png in Resources */,
				C8BA030D1BF3C5780023B683 /* Main.storyboard in Resources */,
				C88B08061C00FA6500A18E2C /* Shader.vsh in Resources */,
			);
			runOnlyForDeploymentPostprocessing = 0;
		};
/* End PBXResourcesBuildPhase section */

/* Begin PBXSourcesBuildPhase section */
		C8BA02FB1BF3C5780023B683 /* Sources */ = {
			isa = PBXSourcesBuildPhase;
			buildActionMask = 2147483647;
			files = (
				C88ABA7F1C5343AD006713B8 /* IBNIZButton.m in Sources */,
				C8BA030A1BF3C5780023B683 /* ViewController.mm in Sources */,
				C8BA03071BF3C5780023B683 /* AppDelegate.m in Sources */,
				C8BA031D1BF3C6F80023B683 /* vm_slow.c in Sources */,
				C8F0A4BA1C057486002CCC75 /* CAStreamBasicDescription.cpp in Sources */,
				C8BA031C1BF3C6F80023B683 /* compiler.c in Sources */,
				C8F0A4B81C057486002CCC75 /* AudioController.mm in Sources */,
				C8FF232C1C437B950028B11C /* KeysIBNIZ.mm in Sources */,
				C8F0A4B91C057486002CCC75 /* CADebugMacros.cpp in Sources */,
				C8BA03041BF3C5780023B683 /* main.m in Sources */,
			);
			runOnlyForDeploymentPostprocessing = 0;
		};
/* End PBXSourcesBuildPhase section */

/* Begin PBXVariantGroup section */
		C8BA030B1BF3C5780023B683 /* Main.storyboard */ = {
			isa = PBXVariantGroup;
			children = (
				C8BA030C1BF3C5780023B683 /* Base */,
			);
			name = Main.storyboard;
			sourceTree = "<group>";
		};
		C8BA03101BF3C5780023B683 /* LaunchScreen.storyboard */ = {
			isa = PBXVariantGroup;
			children = (
				C8BA03111BF3C5780023B683 /* Base */,
			);
			name = LaunchScreen.storyboard;
			sourceTree = "<group>";
		};
/* End PBXVariantGroup section */

/* Begin XCBuildConfiguration section */
		C8BA03141BF3C5780023B683 /* Debug */ = {
			isa = XCBuildConfiguration;
			buildSettings = {
				ALWAYS_SEARCH_USER_PATHS = NO;
				CLANG_CXX_LANGUAGE_STANDARD = "gnu++0x";
				CLANG_CXX_LIBRARY = "libc++";
				CLANG_ENABLE_MODULES = YES;
				CLANG_ENABLE_OBJC_ARC = YES;
				CLANG_WARN_BOOL_CONVERSION = YES;
				CLANG_WARN_CONSTANT_CONVERSION = YES;
				CLANG_WARN_DIRECT_OBJC_ISA_USAGE = YES_ERROR;
				CLANG_WARN_EMPTY_BODY = YES;
				CLANG_WARN_ENUM_CONVERSION = YES;
				CLANG_WARN_INT_CONVERSION = YES;
				CLANG_WARN_OBJC_ROOT_CLASS = YES_ERROR;
				CLANG_WARN_UNREACHABLE_CODE = YES;
				CLANG_WARN__DUPLICATE_METHOD_MATCH = YES;
				"CODE_SIGN_IDENTITY[sdk=iphoneos*]" = "iPhone Developer";
				COPY_PHASE_STRIP = NO;
				DEBUG_INFORMATION_FORMAT = dwarf;
				ENABLE_STRICT_OBJC_MSGSEND = YES;
				ENABLE_TESTABILITY = YES;
				GCC_C_LANGUAGE_STANDARD = gnu99;
				GCC_DYNAMIC_NO_PIC = NO;
				GCC_NO_COMMON_BLOCKS = YES;
				GCC_OPTIMIZATION_LEVEL = 0;
				GCC_PREPROCESSOR_DEFINITIONS = (
					"DEBUG=1",
					"$(inherited)",
				);
				GCC_WARN_64_TO_32_BIT_CONVERSION = YES;
				GCC_WARN_ABOUT_RETURN_TYPE = YES_ERROR;
				GCC_WARN_UNDECLARED_SELECTOR = YES;
				GCC_WARN_UNINITIALIZED_AUTOS = YES_AGGRESSIVE;
				GCC_WARN_UNUSED_FUNCTION = YES;
				GCC_WARN_UNUSED_VARIABLE = YES;
				HEADER_SEARCH_PATHS = ../src;
				IPHONEOS_DEPLOYMENT_TARGET = 9.1;
				MTL_ENABLE_DEBUG_INFO = YES;
				ONLY_ACTIVE_ARCH = YES;
				SDKROOT = iphoneos;
				TARGETED_DEVICE_FAMILY = "1,2";
			};
			name = Debug;
		};
		C8BA03151BF3C5780023B683 /* Release */ = {
			isa = XCBuildConfiguration;
			buildSettings = {
				ALWAYS_SEARCH_USER_PATHS = NO;
				CLANG_CXX_LANGUAGE_STANDARD = "gnu++0x";
				CLANG_CXX_LIBRARY = "libc++";
				CLANG_ENABLE_MODULES = YES;
				CLANG_ENABLE_OBJC_ARC = YES;
				CLANG_WARN_BOOL_CONVERSION = YES;
				CLANG_WARN_CONSTANT_CONVERSION = YES;
				CLANG_WARN_DIRECT_OBJC_ISA_USAGE = YES_ERROR;
				CLANG_WARN_EMPTY_BODY = YES;
				CLANG_WARN_ENUM_CONVERSION = YES;
				CLANG_WARN_INT_CONVERSION = YES;
				CLANG_WARN_OBJC_ROOT_CLASS = YES_ERROR;
				CLANG_WARN_UNREACHABLE_CODE = YES;
				CLANG_WARN__DUPLICATE_METHOD_MATCH = YES;
				"CODE_SIGN_IDENTITY[sdk=iphoneos*]" = "iPhone Developer";
				COPY_PHASE_STRIP = NO;
				DEBUG_INFORMATION_FORMAT = "dwarf-with-dsym";
				ENABLE_NS_ASSERTIONS = NO;
				ENABLE_STRICT_OBJC_MSGSEND = YES;
				GCC_C_LANGUAGE_STANDARD = gnu99;
				GCC_NO_COMMON_BLOCKS = YES;
				GCC_WARN_64_TO_32_BIT_CONVERSION = YES;
				GCC_WARN_ABOUT_RETURN_TYPE = YES_ERROR;
				GCC_WARN_UNDECLARED_SELECTOR = YES;
				GCC_WARN_UNINITIALIZED_AUTOS = YES_AGGRESSIVE;
				GCC_WARN_UNUSED_FUNCTION = YES;
				GCC_WARN_UNUSED_VARIABLE = YES;
				HEADER_SEARCH_PATHS = ../src;
				IPHONEOS_DEPLOYMENT_TARGET = 9.1;
				MTL_ENABLE_DEBUG_INFO = NO;
				SDKROOT = iphoneos;
				TARGETED_DEVICE_FAMILY = "1,2";
				VALIDATE_PRODUCT = YES;
			};
			name = Release;
		};
		C8BA03171BF3C5780023B683 /* Debug */ = {
			isa = XCBuildConfiguration;
			buildSettings = {
				ASSETCATALOG_COMPILER_APPICON_NAME = AppIcon;
				INFOPLIST_FILE = src/Info.plist;
				LD_RUNPATH_SEARCH_PATHS = "$(inherited) @executable_path/Frameworks";
				PRODUCT_BUNDLE_IDENTIFIER = bzztbomb.com.iOSBNIZ;
				PRODUCT_NAME = "$(TARGET_NAME)";
			};
			name = Debug;
		};
		C8BA03181BF3C5780023B683 /* Release */ = {
			isa = XCBuildConfiguration;
			buildSettings = {
				ASSETCATALOG_COMPILER_APPICON_NAME = AppIcon;
				INFOPLIST_FILE = src/Info.plist;
				LD_RUNPATH_SEARCH_PATHS = "$(inherited) @executable_path/Frameworks";
				PRODUCT_BUNDLE_IDENTIFIER = bzztbomb.com.iOSBNIZ;
				PRODUCT_NAME = "$(TARGET_NAME)";
			};
			name = Release;
		};
/* End XCBuildConfiguration section */

/* Begin XCConfigurationList section */
		C8BA02FA1BF3C5780023B683 /* Build configuration list for PBXProject "iOSBNIZ" */ = {
			isa = XCConfigurationList;
			buildConfigurations = (
				C8BA03141BF3C5780023B683 /* Debug */,
				C8BA03151BF3C5780023B683 /* Release */,
			);
			defaultConfigurationIsVisible = 0;
			defaultConfigurationName = Release;
		};
		C8BA03161BF3C5780023B683 /* Build configuration list for PBXNativeTarget "iOSBNIZ" */ = {
			isa = XCConfigurationList;
			buildConfigurations = (
				C8BA03171BF3C5780023B683 /* Debug */,
				C8BA03181BF3C5780023B683 /* Release */,
			);
			defaultConfigurationIsVisible = 0;
			defaultConfigurationName = Release;
		};
/* End XCConfigurationList section */
	};
	rootObject = C8BA02F71BF3C5780023B683 /* Project object */;
}
